{
    "name": "com.itfun.roadtrip",
    "version": "1.0.0",
    "lockfileVersion": 1,
    "requires": true,
    "dependencies": {
        "cordova-plugin-device": {
            "version": "1.1.7",
            "resolved": "https://registry.npmjs.org/cordova-plugin-device/-/cordova-plugin-device-1.1.7.tgz",
            "integrity": "sha1-/JQRG+aTJijGaGiTjd89yCyfv+Y="
        },
        "cordova-plugin-geolocation": {
            "version": "3.0.0",
            "resolved": "https://registry.npmjs.org/cordova-plugin-geolocation/-/cordova-plugin-geolocation-3.0.0.tgz",
            "integrity": "sha1-5j4NRXwaL7qw3AKd3qZbjwSSFBA="
        }
    }
}
